
Microsoft Visual Studio Solution File, Format Version 12.00
# Visual Studio Version 17
VisualStudioVersion = 17.7.34221.43
MinimumVisualStudioVersion = 10.0.40219.1
Project("{FAE04EC0-301F-11D3-BF4B-00C04F79EFBC}") = "KIA_01", "KIA_01\KIA_01.csproj", "{61A713F7-19E4-49C9-A9AF-AA25940AC19C}"
EndProject
Global
	GlobalSection(SolutionConfigurationPlatforms) = preSolution
		Debug|Any CPU = Debug|Any CPU
		Release|Any CPU = Release|Any CPU
	EndGlobalSection
	GlobalSection(ProjectConfigurationPlatforms) = postSolution
		{61A713F7-19E4-49C9-A9AF-AA25940AC19C}.Debug|Any CPU.ActiveCfg = Debug|Any CPU
		{61A713F7-19E4-49C9-A9AF-AA25940AC19C}.Debug|Any CPU.Build.0 = Debug|Any CPU
		{61A713F7-19E4-49C9-A9AF-AA25940AC19C}.Release|Any CPU.ActiveCfg = Release|Any CPU
		{61A713F7-19E4-49C9-A9AF-AA25940AC19C}.Release|Any CPU.Build.0 = Release|Any CPU
	EndGlobalSection
	GlobalSection(SolutionProperties) = preSolution
		HideSolutionNode = FALSE
	EndGlobalSection
	GlobalSection(ExtensibilityGlobals) = postSolution
		SolutionGuid = {AC70DC2D-92D3-4A13-98B3-49C31818965A}
	EndGlobalSection
EndGlobal
